
Microsoft Visual Studio Solution File, Format Version 12.00
# Visual Studio Version 17
VisualStudioVersion = 17.8.34330.188
MinimumVisualStudioVersion = 10.0.40219.1
Project("{888888A0-9F3D-457C-B088-3A5042F75D52}") = "Spotipy", "Spotipy.pyproj", "{53907FCD-16AF-4EFE-BA32-4FABFA7B63E5}"
EndProject
Project("{2150E333-8FDC-42A3-9474-1A3956D46DE8}") = "솔루션 항목", "솔루션 항목", "{E8E5F231-F5ED-492A-9157-7EC95A6547E0}"
	ProjectSection(SolutionItems) = preProject
		audio_analysis_for_track.py = audio_analysis_for_track.py
	EndProjectSection
EndProject
Global
	GlobalSection(SolutionConfigurationPlatforms) = preSolution
		Debug|Any CPU = Debug|Any CPU
		Release|Any CPU = Release|Any CPU
	EndGlobalSection
	GlobalSection(ProjectConfigurationPlatforms) = postSolution
		{53907FCD-16AF-4EFE-BA32-4FABFA7B63E5}.Debug|Any CPU.ActiveCfg = Debug|Any CPU
		{53907FCD-16AF-4EFE-BA32-4FABFA7B63E5}.Release|Any CPU.ActiveCfg = Release|Any CPU
	EndGlobalSection
	GlobalSection(SolutionProperties) = preSolution
		HideSolutionNode = FALSE
	EndGlobalSection
	GlobalSection(ExtensibilityGlobals) = postSolution
		SolutionGuid = {F835FB75-3672-4D69-9BCD-2AD0203305B6}
	EndGlobalSection
EndGlobal
